# This file was autogenerated by Stack.
# You should not edit this file by hand.
# For more information, please see the documentation at:
#   https://docs.haskellstack.org/en/stable/lock_files

packages:
- completed:
    hackage: streamly-0.7.3@sha256:5c528f670e7313a71971bae465fa04db5f7016471a3edb88eb53c272539970b9,28284
    pantry-tree:
      size: 12739
      sha256: 153dbdb796efd528e597012d9b12057f575bf7ea1930d7cca38bd0a30b2fe54f
  original:
    hackage: streamly-0.7.3@sha256:5c528f670e7313a71971bae465fa04db5f7016471a3edb88eb53c272539970b9,28284
snapshots:
- completed:
    size: 567037
    url: https://raw.githubusercontent.com/commercialhaskell/stackage-snapshots/master/lts/17/9.yaml
    sha256: d7d8d5106e53d1669964bd8bd2b0f88a5ad192d772f5376384b76738fd992311
  original:
    url: https://raw.githubusercontent.com/commercialhaskell/stackage-snapshots/master/lts/17/9.yaml
